
Microsoft Visual Studio Solution File, Format Version 12.00
# Visual Studio Version 17
VisualStudioVersion = 17.14.36429.23
MinimumVisualStudioVersion = 10.0.40219.1
Project("{FAE04EC0-301F-11D3-BF4B-00C04F79EFBC}") = "CRUD BankAccount", "CRUD BankAccount.csproj", "{6CD45211-E672-4627-9D6A-2D31934884C2}"
EndProject
Global
	GlobalSection(SolutionConfigurationPlatforms) = preSolution
		Debug|Any CPU = Debug|Any CPU
		Release|Any CPU = Release|Any CPU
	EndGlobalSection
	GlobalSection(ProjectConfigurationPlatforms) = postSolution
		{6CD45211-E672-4627-9D6A-2D31934884C2}.Debug|Any CPU.ActiveCfg = Debug|Any CPU
		{6CD45211-E672-4627-9D6A-2D31934884C2}.Debug|Any CPU.Build.0 = Debug|Any CPU
		{6CD45211-E672-4627-9D6A-2D31934884C2}.Release|Any CPU.ActiveCfg = Release|Any CPU
		{6CD45211-E672-4627-9D6A-2D31934884C2}.Release|Any CPU.Build.0 = Release|Any CPU
	EndGlobalSection
	GlobalSection(SolutionProperties) = preSolution
		HideSolutionNode = FALSE
	EndGlobalSection
	GlobalSection(ExtensibilityGlobals) = postSolution
		SolutionGuid = {DA31F082-7534-4A11-ABB9-C8627621B4C3}
	EndGlobalSection
EndGlobal
