
Microsoft Visual Studio Solution File, Format Version 12.00
# Visual Studio Version 17
VisualStudioVersion = 17.14.36429.23 d17.14
MinimumVisualStudioVersion = 10.0.40219.1
Project("{FAE04EC0-301F-11D3-BF4B-00C04F79EFBC}") = "BankAccount", "BankAccount.csproj", "{01351D0D-FDB2-4426-AA78-B3C38957C334}"
EndProject
Global
	GlobalSection(SolutionConfigurationPlatforms) = preSolution
		Debug|Any CPU = Debug|Any CPU
		Release|Any CPU = Release|Any CPU
	EndGlobalSection
	GlobalSection(ProjectConfigurationPlatforms) = postSolution
		{01351D0D-FDB2-4426-AA78-B3C38957C334}.Debug|Any CPU.ActiveCfg = Debug|Any CPU
		{01351D0D-FDB2-4426-AA78-B3C38957C334}.Debug|Any CPU.Build.0 = Debug|Any CPU
		{01351D0D-FDB2-4426-AA78-B3C38957C334}.Release|Any CPU.ActiveCfg = Release|Any CPU
		{01351D0D-FDB2-4426-AA78-B3C38957C334}.Release|Any CPU.Build.0 = Release|Any CPU
	EndGlobalSection
	GlobalSection(SolutionProperties) = preSolution
		HideSolutionNode = FALSE
	EndGlobalSection
	GlobalSection(ExtensibilityGlobals) = postSolution
		SolutionGuid = {62733891-D008-4BF2-B36A-DE480F6E6AE2}
	EndGlobalSection
EndGlobal
